
Microsoft Visual Studio Solution File, Format Version 12.00
# Visual Studio Version 16
VisualStudioVersion = 16.0.29503.13
MinimumVisualStudioVersion = 10.0.40219.1
Project("{9A19103F-16F7-4668-BE54-9A1E7A4F7556}") = "OneDriveModule", "OneDriveModule\OneDriveModule.csproj", "{952AD26C-1846-469E-B5AF-254B14F4268E}"
EndProject
Global
	GlobalSection(SolutionConfigurationPlatforms) = preSolution
		Debug|Any CPU = Debug|Any CPU
		Release|Any CPU = Release|Any CPU
	EndGlobalSection
	GlobalSection(ProjectConfigurationPlatforms) = postSolution
		{952AD26C-1846-469E-B5AF-254B14F4268E}.Debug|Any CPU.ActiveCfg = Debug|Any CPU
		{952AD26C-1846-469E-B5AF-254B14F4268E}.Debug|Any CPU.Build.0 = Debug|Any CPU
		{952AD26C-1846-469E-B5AF-254B14F4268E}.Release|Any CPU.ActiveCfg = Release|Any CPU
		{952AD26C-1846-469E-B5AF-254B14F4268E}.Release|Any CPU.Build.0 = Release|Any CPU
	EndGlobalSection
	GlobalSection(SolutionProperties) = preSolution
		HideSolutionNode = FALSE
	EndGlobalSection
	GlobalSection(ExtensibilityGlobals) = postSolution
		SolutionGuid = {59119530-2BD4-42D3-B96F-6301769D3DEB}
	EndGlobalSection
EndGlobal
